golang.org/x/net v0.24.0 h1:1PcaxkF854Fu3+lvBIx5SYn9wRlBzzcnHZSiaFFAb0w=
golang.org/x/net v0.24.0/go.mod h1:2Q7sJY5mzlzWjKtYUEXSlBWCdyaioyXzRB2RtU8KVE8=
golang.org/x/text v0.14.0 h1:ScX5w1eTa3QqT8oi6+ziP7dTV1S2+ALU0bI+0zXKWiQ=
golang.org/x/text v0.14.0/go.mod h1:18ZOQIKpY8NJVqYksKHtTdi31H5itFRjB5/qKTNYzSU=
robpike.io/nihongo v0.0.0-20230705220025-ab7f6184a918 h1:5a2reXUbTO/+h+sdxIPpJkNieR1TH6hYhtPD6nLZNYM=
robpike.io/nihongo v0.0.0-20230705220025-ab7f6184a918/go.mod h1:43kowN+1Rj2cR4+62PIiOFD5L9AoTNCpNNjQibm7Dq0=
